
Microsoft Visual Studio Solution File, Format Version 12.00
# Visual Studio Version 17
VisualStudioVersion = 17.8.34511.84
MinimumVisualStudioVersion = 10.0.40219.1
Project("{9A19103F-16F7-4668-BE54-9A1E7A4F7556}") = "DataAccess", "DataAccess\DataAccess.csproj", "{493B3975-1423-4B01-B435-E5C2F3C6D509}"
EndProject
Project("{9A19103F-16F7-4668-BE54-9A1E7A4F7556}") = "Business", "Business\Business.csproj", "{EF9E95B1-186A-4B0D-B8F9-790A40F8B865}"
EndProject
Project("{9A19103F-16F7-4668-BE54-9A1E7A4F7556}") = "Entities", "Entities\Entities.csproj", "{FD572BC4-FDB8-4861-8CF6-1508E3A44A70}"
EndProject
Project("{9A19103F-16F7-4668-BE54-9A1E7A4F7556}") = "ConsoleUI", "ConsoleUI\ConsoleUI.csproj", "{4A5D0356-536F-4C4B-AA53-7FFFFF0AB955}"
EndProject
Project("{9A19103F-16F7-4668-BE54-9A1E7A4F7556}") = "Core", "Core\Core.csproj", "{522350B9-17D6-4AE1-B04A-2403FFD9377D}"
EndProject
Project("{FAE04EC0-301F-11D3-BF4B-00C04F79EFBC}") = "WepAPI", "WepAPI\WepAPI.csproj", "{349DD1F2-4D17-43A4-B97E-4C91E87B0CC9}"
EndProject
Global
	GlobalSection(SolutionConfigurationPlatforms) = preSolution
		Debug|Any CPU = Debug|Any CPU
		Release|Any CPU = Release|Any CPU
	EndGlobalSection
	GlobalSection(ProjectConfigurationPlatforms) = postSolution
		{493B3975-1423-4B01-B435-E5C2F3C6D509}.Debug|Any CPU.ActiveCfg = Debug|Any CPU
		{493B3975-1423-4B01-B435-E5C2F3C6D509}.Debug|Any CPU.Build.0 = Debug|Any CPU
		{493B3975-1423-4B01-B435-E5C2F3C6D509}.Release|Any CPU.ActiveCfg = Release|Any CPU
		{493B3975-1423-4B01-B435-E5C2F3C6D509}.Release|Any CPU.Build.0 = Release|Any CPU
		{EF9E95B1-186A-4B0D-B8F9-790A40F8B865}.Debug|Any CPU.ActiveCfg = Debug|Any CPU
		{EF9E95B1-186A-4B0D-B8F9-790A40F8B865}.Debug|Any CPU.Build.0 = Debug|Any CPU
		{EF9E95B1-186A-4B0D-B8F9-790A40F8B865}.Release|Any CPU.ActiveCfg = Release|Any CPU
		{EF9E95B1-186A-4B0D-B8F9-790A40F8B865}.Release|Any CPU.Build.0 = Release|Any CPU
		{FD572BC4-FDB8-4861-8CF6-1508E3A44A70}.Debug|Any CPU.ActiveCfg = Debug|Any CPU
		{FD572BC4-FDB8-4861-8CF6-1508E3A44A70}.Debug|Any CPU.Build.0 = Debug|Any CPU
		{FD572BC4-FDB8-4861-8CF6-1508E3A44A70}.Release|Any CPU.ActiveCfg = Release|Any CPU
		{FD572BC4-FDB8-4861-8CF6-1508E3A44A70}.Release|Any CPU.Build.0 = Release|Any CPU
		{4A5D0356-536F-4C4B-AA53-7FFFFF0AB955}.Debug|Any CPU.ActiveCfg = Debug|Any CPU
		{4A5D0356-536F-4C4B-AA53-7FFFFF0AB955}.Debug|Any CPU.Build.0 = Debug|Any CPU
		{4A5D0356-536F-4C4B-AA53-7FFFFF0AB955}.Release|Any CPU.ActiveCfg = Release|Any CPU
		{4A5D0356-536F-4C4B-AA53-7FFFFF0AB955}.Release|Any CPU.Build.0 = Release|Any CPU
		{522350B9-17D6-4AE1-B04A-2403FFD9377D}.Debug|Any CPU.ActiveCfg = Debug|Any CPU
		{522350B9-17D6-4AE1-B04A-2403FFD9377D}.Debug|Any CPU.Build.0 = Debug|Any CPU
		{522350B9-17D6-4AE1-B04A-2403FFD9377D}.Release|Any CPU.ActiveCfg = Release|Any CPU
		{522350B9-17D6-4AE1-B04A-2403FFD9377D}.Release|Any CPU.Build.0 = Release|Any CPU
		{349DD1F2-4D17-43A4-B97E-4C91E87B0CC9}.Debug|Any CPU.ActiveCfg = Debug|Any CPU
		{349DD1F2-4D17-43A4-B97E-4C91E87B0CC9}.Debug|Any CPU.Build.0 = Debug|Any CPU
		{349DD1F2-4D17-43A4-B97E-4C91E87B0CC9}.Release|Any CPU.ActiveCfg = Release|Any CPU
		{349DD1F2-4D17-43A4-B97E-4C91E87B0CC9}.Release|Any CPU.Build.0 = Release|Any CPU
	EndGlobalSection
	GlobalSection(SolutionProperties) = preSolution
		HideSolutionNode = FALSE
	EndGlobalSection
	GlobalSection(ExtensibilityGlobals) = postSolution
		SolutionGuid = {532DDBD4-8520-4221-843C-E383C2EB486A}
	EndGlobalSection
EndGlobal
